
Microsoft Visual Studio Solution File, Format Version 12.00
# Visual Studio 2013
VisualStudioVersion = 12.0.21005.1
MinimumVisualStudioVersion = 10.0.40219.1
Project("{FAE04EC0-301F-11D3-BF4B-00C04F79EFBC}") = "ConsoleApplication1", "ConsoleApplication1\ConsoleApplication1.csproj", "{DCE33E98-B1ED-4858-A255-66D4C2E10F73}"
EndProject
Project("{FAE04EC0-301F-11D3-BF4B-00C04F79EFBC}") = "UnitTestProject1", "UnitTestProject1\UnitTestProject1.csproj", "{50095B14-AE75-46F2-98FE-2144C61916EA}"
EndProject
Global
	GlobalSection(SolutionConfigurationPlatforms) = preSolution
		Debug|Any CPU = Debug|Any CPU
		Release|Any CPU = Release|Any CPU
	EndGlobalSection
	GlobalSection(ProjectConfigurationPlatforms) = postSolution
		{DCE33E98-B1ED-4858-A255-66D4C2E10F73}.Debug|Any CPU.ActiveCfg = Debug|Any CPU
		{DCE33E98-B1ED-4858-A255-66D4C2E10F73}.Debug|Any CPU.Build.0 = Debug|Any CPU
		{DCE33E98-B1ED-4858-A255-66D4C2E10F73}.Release|Any CPU.ActiveCfg = Release|Any CPU
		{DCE33E98-B1ED-4858-A255-66D4C2E10F73}.Release|Any CPU.Build.0 = Release|Any CPU
		{50095B14-AE75-46F2-98FE-2144C61916EA}.Debug|Any CPU.ActiveCfg = Debug|Any CPU
		{50095B14-AE75-46F2-98FE-2144C61916EA}.Debug|Any CPU.Build.0 = Debug|Any CPU
		{50095B14-AE75-46F2-98FE-2144C61916EA}.Release|Any CPU.ActiveCfg = Release|Any CPU
		{50095B14-AE75-46F2-98FE-2144C61916EA}.Release|Any CPU.Build.0 = Release|Any CPU
	EndGlobalSection
	GlobalSection(SolutionProperties) = preSolution
		HideSolutionNode = FALSE
	EndGlobalSection
EndGlobal
